
Microsoft Visual Studio Solution File, Format Version 12.00
# Visual Studio Version 17
VisualStudioVersion = 17.5.33502.453
MinimumVisualStudioVersion = 10.0.40219.1
Project("{FAE04EC0-301F-11D3-BF4B-00C04F79EFBC}") = "DR_Music_Records_API", "DR_Music_Records_API\DR_Music_Records_API.csproj", "{F7FC5FD4-2852-4DD7-B864-6C4F4EB0828D}"
EndProject
Global
	GlobalSection(SolutionConfigurationPlatforms) = preSolution
		Debug|Any CPU = Debug|Any CPU
		Release|Any CPU = Release|Any CPU
	EndGlobalSection
	GlobalSection(ProjectConfigurationPlatforms) = postSolution
		{F7FC5FD4-2852-4DD7-B864-6C4F4EB0828D}.Debug|Any CPU.ActiveCfg = Debug|Any CPU
		{F7FC5FD4-2852-4DD7-B864-6C4F4EB0828D}.Debug|Any CPU.Build.0 = Debug|Any CPU
		{F7FC5FD4-2852-4DD7-B864-6C4F4EB0828D}.Release|Any CPU.ActiveCfg = Release|Any CPU
		{F7FC5FD4-2852-4DD7-B864-6C4F4EB0828D}.Release|Any CPU.Build.0 = Release|Any CPU
	EndGlobalSection
	GlobalSection(SolutionProperties) = preSolution
		HideSolutionNode = FALSE
	EndGlobalSection
	GlobalSection(ExtensibilityGlobals) = postSolution
		SolutionGuid = {BB71775B-0F06-47A2-B60E-BA0EF23F0D1F}
	EndGlobalSection
EndGlobal
